
Microsoft Visual Studio Solution File, Format Version 12.00
# Visual Studio Version 16
VisualStudioVersion = 16.0.31911.196
MinimumVisualStudioVersion = 10.0.40219.1
Project("{FAE04EC0-301F-11D3-BF4B-00C04F79EFBC}") = "ArchonsToolbox", "ArchonsToolbox.csproj", "{34CC06DB-F842-43DD-8A57-A0CA544D68B4}"
EndProject
Global
	GlobalSection(SolutionConfigurationPlatforms) = preSolution
		Debug|Any CPU = Debug|Any CPU
		Release|Any CPU = Release|Any CPU
	EndGlobalSection
	GlobalSection(ProjectConfigurationPlatforms) = postSolution
		{34CC06DB-F842-43DD-8A57-A0CA544D68B4}.Debug|Any CPU.ActiveCfg = Debug|Any CPU
		{34CC06DB-F842-43DD-8A57-A0CA544D68B4}.Debug|Any CPU.Build.0 = Debug|Any CPU
		{34CC06DB-F842-43DD-8A57-A0CA544D68B4}.Release|Any CPU.ActiveCfg = Release|Any CPU
		{34CC06DB-F842-43DD-8A57-A0CA544D68B4}.Release|Any CPU.Build.0 = Release|Any CPU
	EndGlobalSection
	GlobalSection(SolutionProperties) = preSolution
		HideSolutionNode = FALSE
	EndGlobalSection
	GlobalSection(ExtensibilityGlobals) = postSolution
		SolutionGuid = {AAE58481-0F5B-49B1-B1F9-B5CDD46F99F8}
	EndGlobalSection
EndGlobal
